
Microsoft Visual Studio Solution File, Format Version 12.00
# Visual Studio Version 17
VisualStudioVersion = 17.9.34728.123
MinimumVisualStudioVersion = 10.0.40219.1
Project("{2150E333-8FDC-42A3-9474-1A3956D46DE8}") = "src", "src", "{C8BBF9E6-C467-449B-8C3B-0C2FC0A3BED0}"
EndProject
Project("{9A19103F-16F7-4668-BE54-9A1E7A4F7556}") = "Shop.Domain", "Shop.Domain\Shop.Domain.csproj", "{5081FA5B-02AD-4FFF-9989-085C9C7A3DBD}"
EndProject
Project("{9A19103F-16F7-4668-BE54-9A1E7A4F7556}") = "Shop.Application", "Shop.Application\Shop.Application.csproj", "{F849D92E-541A-42DC-B9A1-4A798AE4B9B7}"
EndProject
Project("{9A19103F-16F7-4668-BE54-9A1E7A4F7556}") = "Shop.Infrastructure", "Shop.Infrastracture\Shop.Infrastructure.csproj", "{05A2F470-0DF3-4604-ACE7-B692B3628C47}"
EndProject
Project("{9A19103F-16F7-4668-BE54-9A1E7A4F7556}") = "Shop.WebApi", "Shop.WebApi\Shop.WebApi.csproj", "{11DD8B8D-C04A-42A2-8313-D08F8662F74C}"
EndProject
Project("{9A19103F-16F7-4668-BE54-9A1E7A4F7556}") = "Shop.Presentation", "Shop.Presentation\Shop.Presentation.csproj", "{181202CF-580A-4AF5-8077-6DF062FED25B}"
EndProject
Project("{9A19103F-16F7-4668-BE54-9A1E7A4F7556}") = "Shop.Persistence", "Shop.Persistence\Shop.Persistence.csproj", "{A9D2E8AD-EAE7-4D8D-B925-D4AEAD08624A}"
EndProject
Project("{9A19103F-16F7-4668-BE54-9A1E7A4F7556}") = "Shop.Common", "Shop.Common\Shop.Common.csproj", "{BF587B3E-628C-4743-9FE9-1A64E50DA71B}"
EndProject
Global
	GlobalSection(SolutionConfigurationPlatforms) = preSolution
		Debug|Any CPU = Debug|Any CPU
		Release|Any CPU = Release|Any CPU
	EndGlobalSection
	GlobalSection(ProjectConfigurationPlatforms) = postSolution
		{5081FA5B-02AD-4FFF-9989-085C9C7A3DBD}.Debug|Any CPU.ActiveCfg = Debug|Any CPU
		{5081FA5B-02AD-4FFF-9989-085C9C7A3DBD}.Debug|Any CPU.Build.0 = Debug|Any CPU
		{5081FA5B-02AD-4FFF-9989-085C9C7A3DBD}.Release|Any CPU.ActiveCfg = Release|Any CPU
		{5081FA5B-02AD-4FFF-9989-085C9C7A3DBD}.Release|Any CPU.Build.0 = Release|Any CPU
		{F849D92E-541A-42DC-B9A1-4A798AE4B9B7}.Debug|Any CPU.ActiveCfg = Debug|Any CPU
		{F849D92E-541A-42DC-B9A1-4A798AE4B9B7}.Debug|Any CPU.Build.0 = Debug|Any CPU
		{F849D92E-541A-42DC-B9A1-4A798AE4B9B7}.Release|Any CPU.ActiveCfg = Release|Any CPU
		{F849D92E-541A-42DC-B9A1-4A798AE4B9B7}.Release|Any CPU.Build.0 = Release|Any CPU
		{05A2F470-0DF3-4604-ACE7-B692B3628C47}.Debug|Any CPU.ActiveCfg = Debug|Any CPU
		{05A2F470-0DF3-4604-ACE7-B692B3628C47}.Debug|Any CPU.Build.0 = Debug|Any CPU
		{05A2F470-0DF3-4604-ACE7-B692B3628C47}.Release|Any CPU.ActiveCfg = Release|Any CPU
		{05A2F470-0DF3-4604-ACE7-B692B3628C47}.Release|Any CPU.Build.0 = Release|Any CPU
		{11DD8B8D-C04A-42A2-8313-D08F8662F74C}.Debug|Any CPU.ActiveCfg = Debug|Any CPU
		{11DD8B8D-C04A-42A2-8313-D08F8662F74C}.Debug|Any CPU.Build.0 = Debug|Any CPU
		{11DD8B8D-C04A-42A2-8313-D08F8662F74C}.Release|Any CPU.ActiveCfg = Release|Any CPU
		{11DD8B8D-C04A-42A2-8313-D08F8662F74C}.Release|Any CPU.Build.0 = Release|Any CPU
		{181202CF-580A-4AF5-8077-6DF062FED25B}.Debug|Any CPU.ActiveCfg = Debug|Any CPU
		{181202CF-580A-4AF5-8077-6DF062FED25B}.Debug|Any CPU.Build.0 = Debug|Any CPU
		{181202CF-580A-4AF5-8077-6DF062FED25B}.Release|Any CPU.ActiveCfg = Release|Any CPU
		{181202CF-580A-4AF5-8077-6DF062FED25B}.Release|Any CPU.Build.0 = Release|Any CPU
		{A9D2E8AD-EAE7-4D8D-B925-D4AEAD08624A}.Debug|Any CPU.ActiveCfg = Debug|Any CPU
		{A9D2E8AD-EAE7-4D8D-B925-D4AEAD08624A}.Debug|Any CPU.Build.0 = Debug|Any CPU
		{A9D2E8AD-EAE7-4D8D-B925-D4AEAD08624A}.Release|Any CPU.ActiveCfg = Release|Any CPU
		{A9D2E8AD-EAE7-4D8D-B925-D4AEAD08624A}.Release|Any CPU.Build.0 = Release|Any CPU
		{BF587B3E-628C-4743-9FE9-1A64E50DA71B}.Debug|Any CPU.ActiveCfg = Debug|Any CPU
		{BF587B3E-628C-4743-9FE9-1A64E50DA71B}.Debug|Any CPU.Build.0 = Debug|Any CPU
		{BF587B3E-628C-4743-9FE9-1A64E50DA71B}.Release|Any CPU.ActiveCfg = Release|Any CPU
		{BF587B3E-628C-4743-9FE9-1A64E50DA71B}.Release|Any CPU.Build.0 = Release|Any CPU
	EndGlobalSection
	GlobalSection(SolutionProperties) = preSolution
		HideSolutionNode = FALSE
	EndGlobalSection
	GlobalSection(NestedProjects) = preSolution
		{5081FA5B-02AD-4FFF-9989-085C9C7A3DBD} = {C8BBF9E6-C467-449B-8C3B-0C2FC0A3BED0}
		{F849D92E-541A-42DC-B9A1-4A798AE4B9B7} = {C8BBF9E6-C467-449B-8C3B-0C2FC0A3BED0}
		{05A2F470-0DF3-4604-ACE7-B692B3628C47} = {C8BBF9E6-C467-449B-8C3B-0C2FC0A3BED0}
		{11DD8B8D-C04A-42A2-8313-D08F8662F74C} = {C8BBF9E6-C467-449B-8C3B-0C2FC0A3BED0}
		{181202CF-580A-4AF5-8077-6DF062FED25B} = {C8BBF9E6-C467-449B-8C3B-0C2FC0A3BED0}
		{A9D2E8AD-EAE7-4D8D-B925-D4AEAD08624A} = {C8BBF9E6-C467-449B-8C3B-0C2FC0A3BED0}
		{BF587B3E-628C-4743-9FE9-1A64E50DA71B} = {C8BBF9E6-C467-449B-8C3B-0C2FC0A3BED0}
	EndGlobalSection
	GlobalSection(ExtensibilityGlobals) = postSolution
		SolutionGuid = {231D7ABC-5FE1-4580-ABE5-19E3CFB06590}
	EndGlobalSection
EndGlobal
